
Microsoft Visual Studio Solution File, Format Version 12.00
# Visual Studio Version 16
VisualStudioVersion = 16.0.30104.148
MinimumVisualStudioVersion = 10.0.40219.1
Project("{FAE04EC0-301F-11D3-BF4B-00C04F79EFBC}") = "UI", "UI\UI.csproj", "{2BD878AF-9F81-4B48-B41D-541BAA1055B8}"
EndProject
Project("{2150E333-8FDC-42A3-9474-1A3956D46DE8}") = "Modules", "Modules", "{70967FEC-22DA-4238-AF9A-75218B4B57B4}"
EndProject
Project("{FAE04EC0-301F-11D3-BF4B-00C04F79EFBC}") = "Spark", "Spark\Spark.csproj", "{D6BBCADF-C453-4DC2-81A7-6372A148F3A5}"
EndProject
Project("{FAE04EC0-301F-11D3-BF4B-00C04F79EFBC}") = "Egrul", "Egrul\Egrul.csproj", "{20B0433E-18A1-4B76-A620-5F6C3F6A1CAE}"
EndProject
Project("{FAE04EC0-301F-11D3-BF4B-00C04F79EFBC}") = "Fssp", "Fssp\Fssp.csproj", "{F87C9803-297F-4F3C-AB7D-BD6785646A98}"
EndProject
Project("{FAE04EC0-301F-11D3-BF4B-00C04F79EFBC}") = "Common", "Common\Common.csproj", "{61D4AA99-E465-4817-84F6-58B44DC01BE2}"
EndProject
Project("{2150E333-8FDC-42A3-9474-1A3956D46DE8}") = "Solution Items", "Solution Items", "{49790744-4A47-475B-A266-65787A9F2C32}"
	ProjectSection(SolutionItems) = preProject
		.editorconfig = .editorconfig
	EndProjectSection
EndProject
Project("{FAE04EC0-301F-11D3-BF4B-00C04F79EFBC}") = "Rosreestr", "Rosreestr\Rosreestr.csproj", "{30845BF0-3D4D-42AC-8E50-2500F2CB8412}"
EndProject
Global
	GlobalSection(SolutionConfigurationPlatforms) = preSolution
		Debug|Any CPU = Debug|Any CPU
		Release|Any CPU = Release|Any CPU
	EndGlobalSection
	GlobalSection(ProjectConfigurationPlatforms) = postSolution
		{2BD878AF-9F81-4B48-B41D-541BAA1055B8}.Debug|Any CPU.ActiveCfg = Debug|Any CPU
		{2BD878AF-9F81-4B48-B41D-541BAA1055B8}.Debug|Any CPU.Build.0 = Debug|Any CPU
		{2BD878AF-9F81-4B48-B41D-541BAA1055B8}.Release|Any CPU.ActiveCfg = Release|Any CPU
		{2BD878AF-9F81-4B48-B41D-541BAA1055B8}.Release|Any CPU.Build.0 = Release|Any CPU
		{D6BBCADF-C453-4DC2-81A7-6372A148F3A5}.Debug|Any CPU.ActiveCfg = Debug|Any CPU
		{D6BBCADF-C453-4DC2-81A7-6372A148F3A5}.Debug|Any CPU.Build.0 = Debug|Any CPU
		{D6BBCADF-C453-4DC2-81A7-6372A148F3A5}.Release|Any CPU.ActiveCfg = Release|Any CPU
		{D6BBCADF-C453-4DC2-81A7-6372A148F3A5}.Release|Any CPU.Build.0 = Release|Any CPU
		{20B0433E-18A1-4B76-A620-5F6C3F6A1CAE}.Debug|Any CPU.ActiveCfg = Debug|Any CPU
		{20B0433E-18A1-4B76-A620-5F6C3F6A1CAE}.Debug|Any CPU.Build.0 = Debug|Any CPU
		{20B0433E-18A1-4B76-A620-5F6C3F6A1CAE}.Release|Any CPU.ActiveCfg = Release|Any CPU
		{20B0433E-18A1-4B76-A620-5F6C3F6A1CAE}.Release|Any CPU.Build.0 = Release|Any CPU
		{F87C9803-297F-4F3C-AB7D-BD6785646A98}.Debug|Any CPU.ActiveCfg = Debug|Any CPU
		{F87C9803-297F-4F3C-AB7D-BD6785646A98}.Debug|Any CPU.Build.0 = Debug|Any CPU
		{F87C9803-297F-4F3C-AB7D-BD6785646A98}.Release|Any CPU.ActiveCfg = Release|Any CPU
		{F87C9803-297F-4F3C-AB7D-BD6785646A98}.Release|Any CPU.Build.0 = Release|Any CPU
		{61D4AA99-E465-4817-84F6-58B44DC01BE2}.Debug|Any CPU.ActiveCfg = Debug|Any CPU
		{61D4AA99-E465-4817-84F6-58B44DC01BE2}.Debug|Any CPU.Build.0 = Debug|Any CPU
		{61D4AA99-E465-4817-84F6-58B44DC01BE2}.Release|Any CPU.ActiveCfg = Release|Any CPU
		{61D4AA99-E465-4817-84F6-58B44DC01BE2}.Release|Any CPU.Build.0 = Release|Any CPU
		{30845BF0-3D4D-42AC-8E50-2500F2CB8412}.Debug|Any CPU.ActiveCfg = Debug|Any CPU
		{30845BF0-3D4D-42AC-8E50-2500F2CB8412}.Debug|Any CPU.Build.0 = Debug|Any CPU
		{30845BF0-3D4D-42AC-8E50-2500F2CB8412}.Release|Any CPU.ActiveCfg = Release|Any CPU
		{30845BF0-3D4D-42AC-8E50-2500F2CB8412}.Release|Any CPU.Build.0 = Release|Any CPU
	EndGlobalSection
	GlobalSection(SolutionProperties) = preSolution
		HideSolutionNode = FALSE
	EndGlobalSection
	GlobalSection(NestedProjects) = preSolution
		{D6BBCADF-C453-4DC2-81A7-6372A148F3A5} = {70967FEC-22DA-4238-AF9A-75218B4B57B4}
		{20B0433E-18A1-4B76-A620-5F6C3F6A1CAE} = {70967FEC-22DA-4238-AF9A-75218B4B57B4}
		{F87C9803-297F-4F3C-AB7D-BD6785646A98} = {70967FEC-22DA-4238-AF9A-75218B4B57B4}
		{61D4AA99-E465-4817-84F6-58B44DC01BE2} = {70967FEC-22DA-4238-AF9A-75218B4B57B4}
		{30845BF0-3D4D-42AC-8E50-2500F2CB8412} = {70967FEC-22DA-4238-AF9A-75218B4B57B4}
	EndGlobalSection
	GlobalSection(ExtensibilityGlobals) = postSolution
		SolutionGuid = {D4411026-8F70-4072-9E64-3D79D9423FD1}
	EndGlobalSection
EndGlobal
